
Microsoft Visual Studio Solution File, Format Version 12.00
# Visual Studio 14
VisualStudioVersion = 14.0.22310.1
MinimumVisualStudioVersion = 10.0.40219.1
Project("{8BC9CEB8-8B4A-11D0-8D11-00A0C91BC942}") = "ed.minecraft", "ed.minecraft\ed.minecraft.vcxproj", "{3D377EF0-7025-4FB2-81D6-D0FD5C9DE95D}"
EndProject
Global
	GlobalSection(SolutionConfigurationPlatforms) = preSolution
		Debug|Win32 = Debug|Win32
		Release|Win32 = Release|Win32
	EndGlobalSection
	GlobalSection(ProjectConfigurationPlatforms) = postSolution
		{3D377EF0-7025-4FB2-81D6-D0FD5C9DE95D}.Debug|Win32.ActiveCfg = Debug|Win32
		{3D377EF0-7025-4FB2-81D6-D0FD5C9DE95D}.Debug|Win32.Build.0 = Debug|Win32
		{3D377EF0-7025-4FB2-81D6-D0FD5C9DE95D}.Release|Win32.ActiveCfg = Release|Win32
		{3D377EF0-7025-4FB2-81D6-D0FD5C9DE95D}.Release|Win32.Build.0 = Release|Win32
	EndGlobalSection
	GlobalSection(SolutionProperties) = preSolution
		HideSolutionNode = FALSE
	EndGlobalSection
EndGlobal
