<?xml version="1.0" encoding="utf-8"?>
<Project ToolsVersion="4.0" xmlns="http://schemas.microsoft.com/developer/msbuild/2003">
  <ItemGroup>
    <Filter Include="Source Files">
      <UniqueIdentifier>{4FC737F1-C7A5-4376-A066-2A32D752A2FF}</UniqueIdentifier>
      <Extensions>cpp;c;cc;cxx;def;odl;idl;hpj;bat;asm;asmx</Extensions>
    </Filter>
    <Filter Include="Header Files">
      <UniqueIdentifier>{93995380-89BD-4b04-88EB-625FBE52EBFB}</UniqueIdentifier>
      <Extensions>h;hh;hpp;hxx;hm;inl;inc;xsd</Extensions>
    </Filter>
    <Filter Include="Source Files\packets">
      <UniqueIdentifier>{d20afcb0-4195-48f7-8a00-9dc749e26164}</UniqueIdentifier>
    </Filter>
    <Filter Include="Source Files\packets\2client">
      <UniqueIdentifier>{90632e50-7f46-4302-9420-b0d09025f14d}</UniqueIdentifier>
    </Filter>
  </ItemGroup>
  <ItemGroup>
    <ClCompile Include="main.cpp">
      <Filter>Source Files</Filter>
    </ClCompile>
    <ClCompile Include="protocol.cpp">
      <Filter>Source Files</Filter>
    </ClCompile>
    <ClCompile Include="protocol_utils.cpp">
      <Filter>Source Files</Filter>
    </ClCompile>
    <ClCompile Include="protocol_handshake.cpp">
      <Filter>Source Files</Filter>
    </ClCompile>
    <ClCompile Include="packets\packet.cpp">
      <Filter>Source Files\packets</Filter>
    </ClCompile>
    <ClCompile Include="packets\2client\join_message.cpp">
      <Filter>Source Files\packets\2client</Filter>
    </ClCompile>
    <ClCompile Include="protocol_after_login.cpp">
      <Filter>Source Files</Filter>
    </ClCompile>
  </ItemGroup>
  <ItemGroup>
    <ClInclude Include="protocol.h">
      <Filter>Header Files</Filter>
    </ClInclude>
    <ClInclude Include="packets\2client\join_game.h">
      <Filter>Source Files\packets\2client</Filter>
    </ClInclude>
    <ClInclude Include="packets\packet.h">
      <Filter>Source Files\packets</Filter>
    </ClInclude>
  </ItemGroup>
</Project>